
Microsoft Visual Studio Solution File, Format Version 12.00
# Visual Studio 14
VisualStudioVersion = 14.0.23107.0
MinimumVisualStudioVersion = 10.0.40219.1
Project("{FAE04EC0-301F-11D3-BF4B-00C04F79EFBC}") = "saan-market", "saan-market\saan-market.csproj", "{26A5BA27-5BA9-4E20-A307-4ED88AB68EF9}"
EndProject
Project("{FAE04EC0-301F-11D3-BF4B-00C04F79EFBC}") = "saan-market.Tests", "saan-market.Tests\saan-market.Tests.csproj", "{5531C040-21FF-43AA-A9D6-B147B4BE77EF}"
EndProject
Global
	GlobalSection(SolutionConfigurationPlatforms) = preSolution
		Debug|Any CPU = Debug|Any CPU
		Release|Any CPU = Release|Any CPU
	EndGlobalSection
	GlobalSection(ProjectConfigurationPlatforms) = postSolution
		{26A5BA27-5BA9-4E20-A307-4ED88AB68EF9}.Debug|Any CPU.ActiveCfg = Debug|Any CPU
		{26A5BA27-5BA9-4E20-A307-4ED88AB68EF9}.Debug|Any CPU.Build.0 = Debug|Any CPU
		{26A5BA27-5BA9-4E20-A307-4ED88AB68EF9}.Release|Any CPU.ActiveCfg = Release|Any CPU
		{26A5BA27-5BA9-4E20-A307-4ED88AB68EF9}.Release|Any CPU.Build.0 = Release|Any CPU
		{5531C040-21FF-43AA-A9D6-B147B4BE77EF}.Debug|Any CPU.ActiveCfg = Debug|Any CPU
		{5531C040-21FF-43AA-A9D6-B147B4BE77EF}.Debug|Any CPU.Build.0 = Debug|Any CPU
		{5531C040-21FF-43AA-A9D6-B147B4BE77EF}.Release|Any CPU.ActiveCfg = Release|Any CPU
		{5531C040-21FF-43AA-A9D6-B147B4BE77EF}.Release|Any CPU.Build.0 = Release|Any CPU
	EndGlobalSection
	GlobalSection(SolutionProperties) = preSolution
		HideSolutionNode = FALSE
	EndGlobalSection
EndGlobal
